// !$*UTF8*$!
{
	archiveVersion = 1;
	classes = {
	};
	objectVersion = 46;
	objects = {

/* Begin PBXBuildFile section */
		97932A991BE0C8A300BFF419 /* SYIntOnlyFormatter.m in Sources */ = {isa = PBXBuildFile; fileRef = 97932A981BE0C8A300BFF419 /* SYIntOnlyFormatter.m */; };
		97983CA81BDF68CA00275782 /* SYFormWindow.m in Sources */ = {isa = PBXBuildFile; fileRef = 97983CA61BDF68CA00275782 /* SYFormWindow.m */; };
		97983CA91BDF68CA00275782 /* SYFormWindow.xib in Resources */ = {isa = PBXBuildFile; fileRef = 97983CA71BDF68CA00275782 /* SYFormWindow.xib */; };
		97983CAD1BDF691800275782 /* SYWebsiteModel.m in Sources */ = {isa = PBXBuildFile; fileRef = 97983CAC1BDF691800275782 /* SYWebsiteModel.m */; };
		97983CB21BDF6A6800275782 /* SYStorage.m in Sources */ = {isa = PBXBuildFile; fileRef = 97983CB11BDF6A6800275782 /* SYStorage.m */; };
		97983CB51BDF838200275782 /* SYCrawler.m in Sources */ = {isa = PBXBuildFile; fileRef = 97983CB41BDF838200275782 /* SYCrawler.m */; };
		97983CB81BDFA7FC00275782 /* SYCrawlerResult.m in Sources */ = {isa = PBXBuildFile; fileRef = 97983CB71BDFA7FC00275782 /* SYCrawlerResult.m */; };
		97E31D871BDE35A00025F40A /* SYAppDelegate.m in Sources */ = {isa = PBXBuildFile; fileRef = 97E31D861BDE35A00025F40A /* SYAppDelegate.m */; };
		97E31D8A1BDE35A00025F40A /* main.m in Sources */ = {isa = PBXBuildFile; fileRef = 97E31D891BDE35A00025F40A /* main.m */; };
		97E31D8C1BDE35A00025F40A /* Assets.xcassets in Resources */ = {isa = PBXBuildFile; fileRef = 97E31D8B1BDE35A00025F40A /* Assets.xcassets */; };
		97E31D8F1BDE35A00025F40A /* MainMenu.xib in Resources */ = {isa = PBXBuildFile; fileRef = 97E31D8D1BDE35A00025F40A /* MainMenu.xib */; };
		D3C6C741A2942884EBC04F50 /* libPods.a in Frameworks */ = {isa = PBXBuildFile; fileRef = 8AC1E8969F3CEAB3C6A5EDA3 /* libPods.a */; };
/* End PBXBuildFile section */

/* Begin PBXFileReference section */
		83DBB49F09925D0217AE6725 /* Pods.release.xcconfig */ = {isa = PBXFileReference; includeInIndex = 1; lastKnownFileType = text.xcconfig; name = Pods.release.xcconfig; path = "Pods/Target Support Files/Pods/Pods.release.xcconfig"; sourceTree = "<group>"; };
		8AC1E8969F3CEAB3C6A5EDA3 /* libPods.a */ = {isa = PBXFileReference; explicitFileType = archive.ar; includeInIndex = 0; path = libPods.a; sourceTree = BUILT_PRODUCTS_DIR; };
		97932A971BE0C8A300BFF419 /* SYIntOnlyFormatter.h */ = {isa = PBXFileReference; fileEncoding = 4; lastKnownFileType = sourcecode.c.h; path = SYIntOnlyFormatter.h; sourceTree = "<group>"; };
		97932A981BE0C8A300BFF419 /* SYIntOnlyFormatter.m */ = {isa = PBXFileReference; fileEncoding = 4; lastKnownFileType = sourcecode.c.objc; path = SYIntOnlyFormatter.m; sourceTree = "<group>"; };
		97983CA51BDF68CA00275782 /* SYFormWindow.h */ = {isa = PBXFileReference; fileEncoding = 4; lastKnownFileType = sourcecode.c.h; path = SYFormWindow.h; sourceTree = "<group>"; };
		97983CA61BDF68CA00275782 /* SYFormWindow.m */ = {isa = PBXFileReference; fileEncoding = 4; lastKnownFileType = sourcecode.c.objc; path = SYFormWindow.m; sourceTree = "<group>"; };
		97983CA71BDF68CA00275782 /* SYFormWindow.xib */ = {isa = PBXFileReference; fileEncoding = 4; lastKnownFileType = file.xib; path = SYFormWindow.xib; sourceTree = "<group>"; };
		97983CAB1BDF691800275782 /* SYWebsiteModel.h */ = {isa = PBXFileReference; fileEncoding = 4; lastKnownFileType = sourcecode.c.h; path = SYWebsiteModel.h; sourceTree = "<group>"; };
		97983CAC1BDF691800275782 /* SYWebsiteModel.m */ = {isa = PBXFileReference; fileEncoding = 4; lastKnownFileType = sourcecode.c.objc; path = SYWebsiteModel.m; sourceTree = "<group>"; };
		97983CB01BDF6A6800275782 /* SYStorage.h */ = {isa = PBXFileReference; fileEncoding = 4; lastKnownFileType = sourcecode.c.h; path = SYStorage.h; sourceTree = "<group>"; };
		97983CB11BDF6A6800275782 /* SYStorage.m */ = {isa = PBXFileReference; fileEncoding = 4; lastKnownFileType = sourcecode.c.objc; path = SYStorage.m; sourceTree = "<group>"; };
		97983CB31BDF838200275782 /* SYCrawler.h */ = {isa = PBXFileReference; fileEncoding = 4; lastKnownFileType = sourcecode.c.h; path = SYCrawler.h; sourceTree = "<group>"; };
		97983CB41BDF838200275782 /* SYCrawler.m */ = {isa = PBXFileReference; fileEncoding = 4; lastKnownFileType = sourcecode.c.objc; path = SYCrawler.m; sourceTree = "<group>"; };
		97983CB61BDFA7FC00275782 /* SYCrawlerResult.h */ = {isa = PBXFileReference; fileEncoding = 4; lastKnownFileType = sourcecode.c.h; path = SYCrawlerResult.h; sourceTree = "<group>"; };
		97983CB71BDFA7FC00275782 /* SYCrawlerResult.m */ = {isa = PBXFileReference; fileEncoding = 4; lastKnownFileType = sourcecode.c.objc; path = SYCrawlerResult.m; sourceTree = "<group>"; };
		97E31D821BDE35A00025F40A /* Online.app */ = {isa = PBXFileReference; explicitFileType = wrapper.application; includeInIndex = 0; path = Online.app; sourceTree = BUILT_PRODUCTS_DIR; };
		97E31D851BDE35A00025F40A /* SYAppDelegate.h */ = {isa = PBXFileReference; lastKnownFileType = sourcecode.c.h; path = SYAppDelegate.h; sourceTree = "<group>"; };
		97E31D861BDE35A00025F40A /* SYAppDelegate.m */ = {isa = PBXFileReference; lastKnownFileType = sourcecode.c.objc; path = SYAppDelegate.m; sourceTree = "<group>"; };
		97E31D891BDE35A00025F40A /* main.m */ = {isa = PBXFileReference; lastKnownFileType = sourcecode.c.objc; path = main.m; sourceTree = "<group>"; };
		97E31D8B1BDE35A00025F40A /* Assets.xcassets */ = {isa = PBXFileReference; lastKnownFileType = folder.assetcatalog; path = Assets.xcassets; sourceTree = "<group>"; };
		97E31D8E1BDE35A00025F40A /* Base */ = {isa = PBXFileReference; lastKnownFileType = file.xib; name = Base; path = Base.lproj/MainMenu.xib; sourceTree = "<group>"; };
		97E31D901BDE35A00025F40A /* Info.plist */ = {isa = PBXFileReference; lastKnownFileType = text.plist.xml; path = Info.plist; sourceTree = "<group>"; };
		AC958C1B9A381820BDDFBA2E /* Pods.debug.xcconfig */ = {isa = PBXFileReference; includeInIndex = 1; lastKnownFileType = text.xcconfig; name = Pods.debug.xcconfig; path = "Pods/Target Support Files/Pods/Pods.debug.xcconfig"; sourceTree = "<group>"; };
/* End PBXFileReference section */

/* Begin PBXFrameworksBuildPhase section */
		97E31D7F1BDE35A00025F40A /* Frameworks */ = {
			isa = PBXFrameworksBuildPhase;
			buildActionMask = 2147483647;
			files = (
				D3C6C741A2942884EBC04F50 /* libPods.a in Frameworks */,
			);
			runOnlyForDeploymentPostprocessing = 0;
		};
/* End PBXFrameworksBuildPhase section */

/* Begin PBXGroup section */
		97983CAA1BDF68D000275782 /* UI */ = {
			isa = PBXGroup;
			children = (
				97983CA51BDF68CA00275782 /* SYFormWindow.h */,
				97983CA61BDF68CA00275782 /* SYFormWindow.m */,
				97983CA71BDF68CA00275782 /* SYFormWindow.xib */,
				97932A971BE0C8A300BFF419 /* SYIntOnlyFormatter.h */,
				97932A981BE0C8A300BFF419 /* SYIntOnlyFormatter.m */,
			);
			name = UI;
			sourceTree = "<group>";
		};
		97983CAE1BDF692200275782 /* Model */ = {
			isa = PBXGroup;
			children = (
				97983CAB1BDF691800275782 /* SYWebsiteModel.h */,
				97983CAC1BDF691800275782 /* SYWebsiteModel.m */,
				97983CB61BDFA7FC00275782 /* SYCrawlerResult.h */,
				97983CB71BDFA7FC00275782 /* SYCrawlerResult.m */,
			);
			name = Model;
			sourceTree = "<group>";
		};
		97983CAF1BDF6A5700275782 /* Controller */ = {
			isa = PBXGroup;
			children = (
				97983CB01BDF6A6800275782 /* SYStorage.h */,
				97983CB11BDF6A6800275782 /* SYStorage.m */,
				97983CB31BDF838200275782 /* SYCrawler.h */,
				97983CB41BDF838200275782 /* SYCrawler.m */,
			);
			name = Controller;
			sourceTree = "<group>";
		};
		97E31D791BDE35A00025F40A = {
			isa = PBXGroup;
			children = (
				97E31D841BDE35A00025F40A /* Online */,
				97E31D831BDE35A00025F40A /* Products */,
				EA48874030E096CF9C0E2166 /* Pods */,
				CF902B584F6A18BDB48CB75E /* Frameworks */,
			);
			sourceTree = "<group>";
		};
		97E31D831BDE35A00025F40A /* Products */ = {
			isa = PBXGroup;
			children = (
				97E31D821BDE35A00025F40A /* Online.app */,
			);
			name = Products;
			sourceTree = "<group>";
		};
		97E31D841BDE35A00025F40A /* Online */ = {
			isa = PBXGroup;
			children = (
				97E31D851BDE35A00025F40A /* SYAppDelegate.h */,
				97E31D861BDE35A00025F40A /* SYAppDelegate.m */,
				97983CAE1BDF692200275782 /* Model */,
				97983CAF1BDF6A5700275782 /* Controller */,
				97983CAA1BDF68D000275782 /* UI */,
				97E31D8B1BDE35A00025F40A /* Assets.xcassets */,
				97E31D8D1BDE35A00025F40A /* MainMenu.xib */,
				97E31D901BDE35A00025F40A /* Info.plist */,
				97E31D881BDE35A00025F40A /* Supporting Files */,
			);
			path = Online;
			sourceTree = "<group>";
		};
		97E31D881BDE35A00025F40A /* Supporting Files */ = {
			isa = PBXGroup;
			children = (
				97E31D891BDE35A00025F40A /* main.m */,
			);
			name = "Supporting Files";
			sourceTree = "<group>";
		};
		CF902B584F6A18BDB48CB75E /* Frameworks */ = {
			isa = PBXGroup;
			children = (
				8AC1E8969F3CEAB3C6A5EDA3 /* libPods.a */,
			);
			name = Frameworks;
			sourceTree = "<group>";
		};
		EA48874030E096CF9C0E2166 /* Pods */ = {
			isa = PBXGroup;
			children = (
				AC958C1B9A381820BDDFBA2E /* Pods.debug.xcconfig */,
				83DBB49F09925D0217AE6725 /* Pods.release.xcconfig */,
			);
			name = Pods;
			sourceTree = "<group>";
		};
/* End PBXGroup section */

/* Begin PBXNativeTarget section */
		97E31D811BDE35A00025F40A /* Online */ = {
			isa = PBXNativeTarget;
			buildConfigurationList = 97E31D931BDE35A00025F40A /* Build configuration list for PBXNativeTarget "Online" */;
			buildPhases = (
				899AAA2BEDA4BD50801B9E42 /* Check Pods Manifest.lock */,
				97E31D7E1BDE35A00025F40A /* Sources */,
				97E31D7F1BDE35A00025F40A /* Frameworks */,
				97E31D801BDE35A00025F40A /* Resources */,
				AF02D6EB8F61C107E984DE04 /* Embed Pods Frameworks */,
				3D65CF6B23D6B14715EFB61C /* Copy Pods Resources */,
			);
			buildRules = (
			);
			dependencies = (
			);
			name = Online;
			productName = Online;
			productReference = 97E31D821BDE35A00025F40A /* Online.app */;
			productType = "com.apple.product-type.application";
		};
/* End PBXNativeTarget section */

/* Begin PBXProject section */
		97E31D7A1BDE35A00025F40A /* Project object */ = {
			isa = PBXProject;
			attributes = {
				CLASSPREFIX = SY;
				LastUpgradeCheck = 0700;
				ORGANIZATIONNAME = Syan;
				TargetAttributes = {
					97E31D811BDE35A00025F40A = {
						CreatedOnToolsVersion = 7.0.1;
						DevelopmentTeam = 79RY8264V4;
					};
				};
			};
			buildConfigurationList = 97E31D7D1BDE35A00025F40A /* Build configuration list for PBXProject "Online" */;
			compatibilityVersion = "Xcode 3.2";
			developmentRegion = English;
			hasScannedForEncodings = 0;
			knownRegions = (
				en,
				Base,
			);
			mainGroup = 97E31D791BDE35A00025F40A;
			productRefGroup = 97E31D831BDE35A00025F40A /* Products */;
			projectDirPath = "";
			projectRoot = "";
			targets = (
				97E31D811BDE35A00025F40A /* Online */,
			);
		};
/* End PBXProject section */

/* Begin PBXResourcesBuildPhase section */
		97E31D801BDE35A00025F40A /* Resources */ = {
			isa = PBXResourcesBuildPhase;
			buildActionMask = 2147483647;
			files = (
				97983CA91BDF68CA00275782 /* SYFormWindow.xib in Resources */,
				97E31D8C1BDE35A00025F40A /* Assets.xcassets in Resources */,
				97E31D8F1BDE35A00025F40A /* MainMenu.xib in Resources */,
			);
			runOnlyForDeploymentPostprocessing = 0;
		};
/* End PBXResourcesBuildPhase section */

/* Begin PBXShellScriptBuildPhase section */
		3D65CF6B23D6B14715EFB61C /* Copy Pods Resources */ = {
			isa = PBXShellScriptBuildPhase;
			buildActionMask = 2147483647;
			files = (
			);
			inputPaths = (
			);
			name = "Copy Pods Resources";
			outputPaths = (
			);
			runOnlyForDeploymentPostprocessing = 0;
			shellPath = /bin/sh;
			shellScript = "\"${SRCROOT}/Pods/Target Support Files/Pods/Pods-resources.sh\"\n";
			showEnvVarsInLog = 0;
		};
		899AAA2BEDA4BD50801B9E42 /* Check Pods Manifest.lock */ = {
			isa = PBXShellScriptBuildPhase;
			buildActionMask = 2147483647;
			files = (
			);
			inputPaths = (
			);
			name = "Check Pods Manifest.lock";
			outputPaths = (
			);
			runOnlyForDeploymentPostprocessing = 0;
			shellPath = /bin/sh;
			shellScript = "diff \"${PODS_ROOT}/../Podfile.lock\" \"${PODS_ROOT}/Manifest.lock\" > /dev/null\nif [[ $? != 0 ]] ; then\n    cat << EOM\nerror: The sandbox is not in sync with the Podfile.lock. Run 'pod install' or update your CocoaPods installation.\nEOM\n    exit 1\nfi\n";
			showEnvVarsInLog = 0;
		};
		AF02D6EB8F61C107E984DE04 /* Embed Pods Frameworks */ = {
			isa = PBXShellScriptBuildPhase;
			buildActionMask = 2147483647;
			files = (
			);
			inputPaths = (
			);
			name = "Embed Pods Frameworks";
			outputPaths = (
			);
			runOnlyForDeploymentPostprocessing = 0;
			shellPath = /bin/sh;
			shellScript = "\"${SRCROOT}/Pods/Target Support Files/Pods/Pods-frameworks.sh\"\n";
			showEnvVarsInLog = 0;
		};
/* End PBXShellScriptBuildPhase section */

/* Begin PBXSourcesBuildPhase section */
		97E31D7E1BDE35A00025F40A /* Sources */ = {
			isa = PBXSourcesBuildPhase;
			buildActionMask = 2147483647;
			files = (
				97E31D8A1BDE35A00025F40A /* main.m in Sources */,
				97983CA81BDF68CA00275782 /* SYFormWindow.m in Sources */,
				97983CB51BDF838200275782 /* SYCrawler.m in Sources */,
				97983CB81BDFA7FC00275782 /* SYCrawlerResult.m in Sources */,
				97932A991BE0C8A300BFF419 /* SYIntOnlyFormatter.m in Sources */,
				97E31D871BDE35A00025F40A /* SYAppDelegate.m in Sources */,
				97983CAD1BDF691800275782 /* SYWebsiteModel.m in Sources */,
				97983CB21BDF6A6800275782 /* SYStorage.m in Sources */,
			);
			runOnlyForDeploymentPostprocessing = 0;
		};
/* End PBXSourcesBuildPhase section */

/* Begin PBXVariantGroup section */
		97E31D8D1BDE35A00025F40A /* MainMenu.xib */ = {
			isa = PBXVariantGroup;
			children = (
				97E31D8E1BDE35A00025F40A /* Base */,
			);
			name = MainMenu.xib;
			sourceTree = "<group>";
		};
/* End PBXVariantGroup section */

/* Begin XCBuildConfiguration section */
		97E31D911BDE35A00025F40A /* Debug */ = {
			isa = XCBuildConfiguration;
			buildSettings = {
				ALWAYS_SEARCH_USER_PATHS = NO;
				CLANG_CXX_LANGUAGE_STANDARD = "gnu++0x";
				CLANG_CXX_LIBRARY = "libc++";
				CLANG_ENABLE_MODULES = YES;
				CLANG_ENABLE_OBJC_ARC = YES;
				CLANG_WARN_BOOL_CONVERSION = YES;
				CLANG_WARN_CONSTANT_CONVERSION = YES;
				CLANG_WARN_DIRECT_OBJC_ISA_USAGE = YES_ERROR;
				CLANG_WARN_EMPTY_BODY = YES;
				CLANG_WARN_ENUM_CONVERSION = YES;
				CLANG_WARN_INT_CONVERSION = YES;
				CLANG_WARN_OBJC_ROOT_CLASS = YES_ERROR;
				CLANG_WARN_UNREACHABLE_CODE = YES;
				CLANG_WARN__DUPLICATE_METHOD_MATCH = YES;
				CODE_SIGN_IDENTITY = "-";
				COPY_PHASE_STRIP = NO;
				DEBUG_INFORMATION_FORMAT = dwarf;
				ENABLE_STRICT_OBJC_MSGSEND = YES;
				ENABLE_TESTABILITY = YES;
				GCC_C_LANGUAGE_STANDARD = gnu99;
				GCC_DYNAMIC_NO_PIC = NO;
				GCC_NO_COMMON_BLOCKS = YES;
				GCC_OPTIMIZATION_LEVEL = 0;
				GCC_PREPROCESSOR_DEFINITIONS = (
					"DEBUG=1",
					"$(inherited)",
				);
				GCC_WARN_64_TO_32_BIT_CONVERSION = YES;
				GCC_WARN_ABOUT_RETURN_TYPE = YES_ERROR;
				GCC_WARN_UNDECLARED_SELECTOR = YES;
				GCC_WARN_UNINITIALIZED_AUTOS = YES_AGGRESSIVE;
				GCC_WARN_UNUSED_FUNCTION = YES;
				GCC_WARN_UNUSED_VARIABLE = YES;
				MACOSX_DEPLOYMENT_TARGET = 10.9;
				MTL_ENABLE_DEBUG_INFO = YES;
				ONLY_ACTIVE_ARCH = YES;
				SDKROOT = macosx;
			};
			name = Debug;
		};
		97E31D921BDE35A00025F40A /* Release */ = {
			isa = XCBuildConfiguration;
			buildSettings = {
				ALWAYS_SEARCH_USER_PATHS = NO;
				CLANG_CXX_LANGUAGE_STANDARD = "gnu++0x";
				CLANG_CXX_LIBRARY = "libc++";
				CLANG_ENABLE_MODULES = YES;
				CLANG_ENABLE_OBJC_ARC = YES;
				CLANG_WARN_BOOL_CONVERSION = YES;
				CLANG_WARN_CONSTANT_CONVERSION = YES;
				CLANG_WARN_DIRECT_OBJC_ISA_USAGE = YES_ERROR;
				CLANG_WARN_EMPTY_BODY = YES;
				CLANG_WARN_ENUM_CONVERSION = YES;
				CLANG_WARN_INT_CONVERSION = YES;
				CLANG_WARN_OBJC_ROOT_CLASS = YES_ERROR;
				CLANG_WARN_UNREACHABLE_CODE = YES;
				CLANG_WARN__DUPLICATE_METHOD_MATCH = YES;
				CODE_SIGN_IDENTITY = "-";
				COPY_PHASE_STRIP = NO;
				DEBUG_INFORMATION_FORMAT = "dwarf-with-dsym";
				ENABLE_NS_ASSERTIONS = NO;
				ENABLE_STRICT_OBJC_MSGSEND = YES;
				GCC_C_LANGUAGE_STANDARD = gnu99;
				GCC_NO_COMMON_BLOCKS = YES;
				GCC_WARN_64_TO_32_BIT_CONVERSION = YES;
				GCC_WARN_ABOUT_RETURN_TYPE = YES_ERROR;
				GCC_WARN_UNDECLARED_SELECTOR = YES;
				GCC_WARN_UNINITIALIZED_AUTOS = YES_AGGRESSIVE;
				GCC_WARN_UNUSED_FUNCTION = YES;
				GCC_WARN_UNUSED_VARIABLE = YES;
				MACOSX_DEPLOYMENT_TARGET = 10.9;
				MTL_ENABLE_DEBUG_INFO = NO;
				SDKROOT = macosx;
			};
			name = Release;
		};
		97E31D941BDE35A00025F40A /* Debug */ = {
			isa = XCBuildConfiguration;
			baseConfigurationReference = AC958C1B9A381820BDDFBA2E /* Pods.debug.xcconfig */;
			buildSettings = {
				ASSETCATALOG_COMPILER_APPICON_NAME = AppIcon;
				COMBINE_HIDPI_IMAGES = YES;
				INFOPLIST_FILE = Online/Info.plist;
				LD_RUNPATH_SEARCH_PATHS = "$(inherited) @executable_path/../Frameworks";
				MACOSX_DEPLOYMENT_TARGET = 10.9;
				PRODUCT_BUNDLE_IDENTIFIER = me.syan.Online;
				PRODUCT_NAME = "$(TARGET_NAME)";
			};
			name = Debug;
		};
		97E31D951BDE35A00025F40A /* Release */ = {
			isa = XCBuildConfiguration;
			baseConfigurationReference = 83DBB49F09925D0217AE6725 /* Pods.release.xcconfig */;
			buildSettings = {
				ASSETCATALOG_COMPILER_APPICON_NAME = AppIcon;
				COMBINE_HIDPI_IMAGES = YES;
				INFOPLIST_FILE = Online/Info.plist;
				LD_RUNPATH_SEARCH_PATHS = "$(inherited) @executable_path/../Frameworks";
				MACOSX_DEPLOYMENT_TARGET = 10.9;
				PRODUCT_BUNDLE_IDENTIFIER = me.syan.Online;
				PRODUCT_NAME = "$(TARGET_NAME)";
			};
			name = Release;
		};
/* End XCBuildConfiguration section */

/* Begin XCConfigurationList section */
		97E31D7D1BDE35A00025F40A /* Build configuration list for PBXProject "Online" */ = {
			isa = XCConfigurationList;
			buildConfigurations = (
				97E31D911BDE35A00025F40A /* Debug */,
				97E31D921BDE35A00025F40A /* Release */,
			);
			defaultConfigurationIsVisible = 0;
			defaultConfigurationName = Release;
		};
		97E31D931BDE35A00025F40A /* Build configuration list for PBXNativeTarget "Online" */ = {
			isa = XCConfigurationList;
			buildConfigurations = (
				97E31D941BDE35A00025F40A /* Debug */,
				97E31D951BDE35A00025F40A /* Release */,
			);
			defaultConfigurationIsVisible = 0;
			defaultConfigurationName = Release;
		};
/* End XCConfigurationList section */
	};
	rootObject = 97E31D7A1BDE35A00025F40A /* Project object */;
}
